// !$*UTF8*$!
{
	archiveVersion = 1;
	classes = {
	};
	objectVersion = 46;
	objects = {

/* Begin PBXBuildFile section */
		8FA033FB1C743DE000A7D5F0 /* AppDelegate.swift in Sources */ = {isa = PBXBuildFile; fileRef = 8FA033FA1C743DE000A7D5F0 /* AppDelegate.swift */; };
		8FA033FD1C743DE000A7D5F0 /* ViewController.swift in Sources */ = {isa = PBXBuildFile; fileRef = 8FA033FC1C743DE000A7D5F0 /* ViewController.swift */; };
		8FA034001C743DE000A7D5F0 /* Main.storyboard in Resources */ = {isa = PBXBuildFile; fileRef = 8FA033FE1C743DE000A7D5F0 /* Main.storyboard */; };
		8FA034021C743DE000A7D5F0 /* Assets.xcassets in Resources */ = {isa = PBXBuildFile; fileRef = 8FA034011C743DE000A7D5F0 /* Assets.xcassets */; };
		8FA034051C743DE000A7D5F0 /* LaunchScreen.storyboard in Resources */ = {isa = PBXBuildFile; fileRef = 8FA034031C743DE000A7D5F0 /* LaunchScreen.storyboard */; };
		8FA0340D1C74412900A7D5F0 /* MailboxViewController.swift in Sources */ = {isa = PBXBuildFile; fileRef = 8FA0340C1C74412900A7D5F0 /* MailboxViewController.swift */; };
		8FA0342F1C759F2100A7D5F0 /* Common.swift in Sources */ = {isa = PBXBuildFile; fileRef = 8FA0342E1C759F2100A7D5F0 /* Common.swift */; };
/* End PBXBuildFile section */

/* Begin PBXFileReference section */
		8FA033F71C743DE000A7D5F0 /* Mailbox.app */ = {isa = PBXFileReference; explicitFileType = wrapper.application; includeInIndex = 0; path = Mailbox.app; sourceTree = BUILT_PRODUCTS_DIR; };
		8FA033FA1C743DE000A7D5F0 /* AppDelegate.swift */ = {isa = PBXFileReference; lastKnownFileType = sourcecode.swift; path = AppDelegate.swift; sourceTree = "<group>"; };
		8FA033FC1C743DE000A7D5F0 /* ViewController.swift */ = {isa = PBXFileReference; lastKnownFileType = sourcecode.swift; path = ViewController.swift; sourceTree = "<group>"; };
		8FA033FF1C743DE000A7D5F0 /* Base */ = {isa = PBXFileReference; lastKnownFileType = file.storyboard; name = Base; path = Base.lproj/Main.storyboard; sourceTree = "<group>"; };
		8FA034011C743DE000A7D5F0 /* Assets.xcassets */ = {isa = PBXFileReference; lastKnownFileType = folder.assetcatalog; path = Assets.xcassets; sourceTree = "<group>"; };
		8FA034041C743DE000A7D5F0 /* Base */ = {isa = PBXFileReference; lastKnownFileType = file.storyboard; name = Base; path = Base.lproj/LaunchScreen.storyboard; sourceTree = "<group>"; };
		8FA034061C743DE000A7D5F0 /* Info.plist */ = {isa = PBXFileReference; lastKnownFileType = text.plist.xml; path = Info.plist; sourceTree = "<group>"; };
		8FA0340C1C74412900A7D5F0 /* MailboxViewController.swift */ = {isa = PBXFileReference; fileEncoding = 4; lastKnownFileType = sourcecode.swift; path = MailboxViewController.swift; sourceTree = "<group>"; };
		8FA0342E1C759F2100A7D5F0 /* Common.swift */ = {isa = PBXFileReference; fileEncoding = 4; lastKnownFileType = sourcecode.swift; name = Common.swift; path = ../../../../Downloads/Common.swift; sourceTree = "<group>"; };
/* End PBXFileReference section */

/* Begin PBXFrameworksBuildPhase section */
		8FA033F41C743DE000A7D5F0 /* Frameworks */ = {
			isa = PBXFrameworksBuildPhase;
			buildActionMask = 2147483647;
			files = (
			);
			runOnlyForDeploymentPostprocessing = 0;
		};
/* End PBXFrameworksBuildPhase section */

/* Begin PBXGroup section */
		8FA033EE1C743DE000A7D5F0 = {
			isa = PBXGroup;
			children = (
				8FA033F91C743DE000A7D5F0 /* Mailbox */,
				8FA033F81C743DE000A7D5F0 /* Products */,
			);
			sourceTree = "<group>";
		};
		8FA033F81C743DE000A7D5F0 /* Products */ = {
			isa = PBXGroup;
			children = (
				8FA033F71C743DE000A7D5F0 /* Mailbox.app */,
			);
			name = Products;
			sourceTree = "<group>";
		};
		8FA033F91C743DE000A7D5F0 /* Mailbox */ = {
			isa = PBXGroup;
			children = (
				8FA033FA1C743DE000A7D5F0 /* AppDelegate.swift */,
				8FA033FC1C743DE000A7D5F0 /* ViewController.swift */,
				8FA033FE1C743DE000A7D5F0 /* Main.storyboard */,
				8FA0342E1C759F2100A7D5F0 /* Common.swift */,
				8FA034011C743DE000A7D5F0 /* Assets.xcassets */,
				8FA034031C743DE000A7D5F0 /* LaunchScreen.storyboard */,
				8FA0340C1C74412900A7D5F0 /* MailboxViewController.swift */,
				8FA034061C743DE000A7D5F0 /* Info.plist */,
			);
			path = Mailbox;
			sourceTree = "<group>";
		};
/* End PBXGroup section */

/* Begin PBXNativeTarget section */
		8FA033F61C743DE000A7D5F0 /* Mailbox */ = {
			isa = PBXNativeTarget;
			buildConfigurationList = 8FA034091C743DE000A7D5F0 /* Build configuration list for PBXNativeTarget "Mailbox" */;
			buildPhases = (
				8FA033F31C743DE000A7D5F0 /* Sources */,
				8FA033F41C743DE000A7D5F0 /* Frameworks */,
				8FA033F51C743DE000A7D5F0 /* Resources */,
			);
			buildRules = (
			);
			dependencies = (
			);
			name = Mailbox;
			productName = Mailbox;
			productReference = 8FA033F71C743DE000A7D5F0 /* Mailbox.app */;
			productType = "com.apple.product-type.application";
		};
/* End PBXNativeTarget section */

/* Begin PBXProject section */
		8FA033EF1C743DE000A7D5F0 /* Project object */ = {
			isa = PBXProject;
			attributes = {
				LastSwiftUpdateCheck = 0720;
				LastUpgradeCheck = 0720;
				ORGANIZATIONNAME = "Jisi Guo";
				TargetAttributes = {
					8FA033F61C743DE000A7D5F0 = {
						CreatedOnToolsVersion = 7.2.1;
					};
				};
			};
			buildConfigurationList = 8FA033F21C743DE000A7D5F0 /* Build configuration list for PBXProject "Mailbox" */;
			compatibilityVersion = "Xcode 3.2";
			developmentRegion = English;
			hasScannedForEncodings = 0;
			knownRegions = (
				en,
				Base,
			);
			mainGroup = 8FA033EE1C743DE000A7D5F0;
			productRefGroup = 8FA033F81C743DE000A7D5F0 /* Products */;
			projectDirPath = "";
			projectRoot = "";
			targets = (
				8FA033F61C743DE000A7D5F0 /* Mailbox */,
			);
		};
/* End PBXProject section */

/* Begin PBXResourcesBuildPhase section */
		8FA033F51C743DE000A7D5F0 /* Resources */ = {
			isa = PBXResourcesBuildPhase;
			buildActionMask = 2147483647;
			files = (
				8FA034051C743DE000A7D5F0 /* LaunchScreen.storyboard in Resources */,
				8FA034021C743DE000A7D5F0 /* Assets.xcassets in Resources */,
				8FA034001C743DE000A7D5F0 /* Main.storyboard in Resources */,
			);
			runOnlyForDeploymentPostprocessing = 0;
		};
/* End PBXResourcesBuildPhase section */

/* Begin PBXSourcesBuildPhase section */
		8FA033F31C743DE000A7D5F0 /* Sources */ = {
			isa = PBXSourcesBuildPhase;
			buildActionMask = 2147483647;
			files = (
				8FA0342F1C759F2100A7D5F0 /* Common.swift in Sources */,
				8FA033FD1C743DE000A7D5F0 /* ViewController.swift in Sources */,
				8FA033FB1C743DE000A7D5F0 /* AppDelegate.swift in Sources */,
				8FA0340D1C74412900A7D5F0 /* MailboxViewController.swift in Sources */,
			);
			runOnlyForDeploymentPostprocessing = 0;
		};
/* End PBXSourcesBuildPhase section */

/* Begin PBXVariantGroup section */
		8FA033FE1C743DE000A7D5F0 /* Main.storyboard */ = {
			isa = PBXVariantGroup;
			children = (
				8FA033FF1C743DE000A7D5F0 /* Base */,
			);
			name = Main.storyboard;
			sourceTree = "<group>";
		};
		8FA034031C743DE000A7D5F0 /* LaunchScreen.storyboard */ = {
			isa = PBXVariantGroup;
			children = (
				8FA034041C743DE000A7D5F0 /* Base */,
			);
			name = LaunchScreen.storyboard;
			sourceTree = "<group>";
		};
/* End PBXVariantGroup section */

/* Begin XCBuildConfiguration section */
		8FA034071C743DE000A7D5F0 /* Debug */ = {
			isa = XCBuildConfiguration;
			buildSettings = {
				ALWAYS_SEARCH_USER_PATHS = NO;
				CLANG_CXX_LANGUAGE_STANDARD = "gnu++0x";
				CLANG_CXX_LIBRARY = "libc++";
				CLANG_ENABLE_MODULES = YES;
				CLANG_ENABLE_OBJC_ARC = YES;
				CLANG_WARN_BOOL_CONVERSION = YES;
				CLANG_WARN_CONSTANT_CONVERSION = YES;
				CLANG_WARN_DIRECT_OBJC_ISA_USAGE = YES_ERROR;
				CLANG_WARN_EMPTY_BODY = YES;
				CLANG_WARN_ENUM_CONVERSION = YES;
				CLANG_WARN_INT_CONVERSION = YES;
				CLANG_WARN_OBJC_ROOT_CLASS = YES_ERROR;
				CLANG_WARN_UNREACHABLE_CODE = YES;
				CLANG_WARN__DUPLICATE_METHOD_MATCH = YES;
				"CODE_SIGN_IDENTITY[sdk=iphoneos*]" = "iPhone Developer";
				COPY_PHASE_STRIP = NO;
				DEBUG_INFORMATION_FORMAT = dwarf;
				ENABLE_STRICT_OBJC_MSGSEND = YES;
				ENABLE_TESTABILITY = YES;
				GCC_C_LANGUAGE_STANDARD = gnu99;
				GCC_DYNAMIC_NO_PIC = NO;
				GCC_NO_COMMON_BLOCKS = YES;
				GCC_OPTIMIZATION_LEVEL = 0;
				GCC_PREPROCESSOR_DEFINITIONS = (
					"DEBUG=1",
					"$(inherited)",
				);
				GCC_WARN_64_TO_32_BIT_CONVERSION = YES;
				GCC_WARN_ABOUT_RETURN_TYPE = YES_ERROR;
				GCC_WARN_UNDECLARED_SELECTOR = YES;
				GCC_WARN_UNINITIALIZED_AUTOS = YES_AGGRESSIVE;
				GCC_WARN_UNUSED_FUNCTION = YES;
				GCC_WARN_UNUSED_VARIABLE = YES;
				IPHONEOS_DEPLOYMENT_TARGET = 9.2;
				MTL_ENABLE_DEBUG_INFO = YES;
				ONLY_ACTIVE_ARCH = YES;
				SDKROOT = iphoneos;
				SWIFT_OPTIMIZATION_LEVEL = "-Onone";
			};
			name = Debug;
		};
		8FA034081C743DE000A7D5F0 /* Release */ = {
			isa = XCBuildConfiguration;
			buildSettings = {
				ALWAYS_SEARCH_USER_PATHS = NO;
				CLANG_CXX_LANGUAGE_STANDARD = "gnu++0x";
				CLANG_CXX_LIBRARY = "libc++";
				CLANG_ENABLE_MODULES = YES;
				CLANG_ENABLE_OBJC_ARC = YES;
				CLANG_WARN_BOOL_CONVERSION = YES;
				CLANG_WARN_CONSTANT_CONVERSION = YES;
				CLANG_WARN_DIRECT_OBJC_ISA_USAGE = YES_ERROR;
				CLANG_WARN_EMPTY_BODY = YES;
				CLANG_WARN_ENUM_CONVERSION = YES;
				CLANG_WARN_INT_CONVERSION = YES;
				CLANG_WARN_OBJC_ROOT_CLASS = YES_ERROR;
				CLANG_WARN_UNREACHABLE_CODE = YES;
				CLANG_WARN__DUPLICATE_METHOD_MATCH = YES;
				"CODE_SIGN_IDENTITY[sdk=iphoneos*]" = "iPhone Developer";
				COPY_PHASE_STRIP = NO;
				DEBUG_INFORMATION_FORMAT = "dwarf-with-dsym";
				ENABLE_NS_ASSERTIONS = NO;
				ENABLE_STRICT_OBJC_MSGSEND = YES;
				GCC_C_LANGUAGE_STANDARD = gnu99;
				GCC_NO_COMMON_BLOCKS = YES;
				GCC_WARN_64_TO_32_BIT_CONVERSION = YES;
				GCC_WARN_ABOUT_RETURN_TYPE = YES_ERROR;
				GCC_WARN_UNDECLARED_SELECTOR = YES;
				GCC_WARN_UNINITIALIZED_AUTOS = YES_AGGRESSIVE;
				GCC_WARN_UNUSED_FUNCTION = YES;
				GCC_WARN_UNUSED_VARIABLE = YES;
				IPHONEOS_DEPLOYMENT_TARGET = 9.2;
				MTL_ENABLE_DEBUG_INFO = NO;
				SDKROOT = iphoneos;
				VALIDATE_PRODUCT = YES;
			};
			name = Release;
		};
		8FA0340A1C743DE000A7D5F0 /* Debug */ = {
			isa = XCBuildConfiguration;
			buildSettings = {
				ASSETCATALOG_COMPILER_APPICON_NAME = AppIcon;
				INFOPLIST_FILE = Mailbox/Info.plist;
				LD_RUNPATH_SEARCH_PATHS = "$(inherited) @executable_path/Frameworks";
				PRODUCT_BUNDLE_IDENTIFIER = jisi.Mailbox;
				PRODUCT_NAME = "$(TARGET_NAME)";
			};
			name = Debug;
		};
		8FA0340B1C743DE000A7D5F0 /* Release */ = {
			isa = XCBuildConfiguration;
			buildSettings = {
				ASSETCATALOG_COMPILER_APPICON_NAME = AppIcon;
				INFOPLIST_FILE = Mailbox/Info.plist;
				LD_RUNPATH_SEARCH_PATHS = "$(inherited) @executable_path/Frameworks";
				PRODUCT_BUNDLE_IDENTIFIER = jisi.Mailbox;
				PRODUCT_NAME = "$(TARGET_NAME)";
			};
			name = Release;
		};
/* End XCBuildConfiguration section */

/* Begin XCConfigurationList section */
		8FA033F21C743DE000A7D5F0 /* Build configuration list for PBXProject "Mailbox" */ = {
			isa = XCConfigurationList;
			buildConfigurations = (
				8FA034071C743DE000A7D5F0 /* Debug */,
				8FA034081C743DE000A7D5F0 /* Release */,
			);
			defaultConfigurationIsVisible = 0;
			defaultConfigurationName = Release;
		};
		8FA034091C743DE000A7D5F0 /* Build configuration list for PBXNativeTarget "Mailbox" */ = {
			isa = XCConfigurationList;
			buildConfigurations = (
				8FA0340A1C743DE000A7D5F0 /* Debug */,
				8FA0340B1C743DE000A7D5F0 /* Release */,
			);
			defaultConfigurationIsVisible = 0;
			defaultConfigurationName = Release;
		};
/* End XCConfigurationList section */
	};
	rootObject = 8FA033EF1C743DE000A7D5F0 /* Project object */;
}
